
Microsoft Visual Studio Solution File, Format Version 12.00
# Visual Studio Version 17
VisualStudioVersion = 17.0.32112.339
MinimumVisualStudioVersion = 10.0.40219.1
Project("{FAE04EC0-301F-11D3-BF4B-00C04F79EFBC}") = "UniversalParser", "UniversalParser\UniversalParser.csproj", "{EA8D0326-E096-4ADE-8BD3-CB05E72D7FB8}"
EndProject
Global
	GlobalSection(SolutionConfigurationPlatforms) = preSolution
		Debug|Any CPU = Debug|Any CPU
		Release|Any CPU = Release|Any CPU
	EndGlobalSection
	GlobalSection(ProjectConfigurationPlatforms) = postSolution
		{EA8D0326-E096-4ADE-8BD3-CB05E72D7FB8}.Debug|Any CPU.ActiveCfg = Debug|Any CPU
		{EA8D0326-E096-4ADE-8BD3-CB05E72D7FB8}.Debug|Any CPU.Build.0 = Debug|Any CPU
		{EA8D0326-E096-4ADE-8BD3-CB05E72D7FB8}.Release|Any CPU.ActiveCfg = Release|Any CPU
		{EA8D0326-E096-4ADE-8BD3-CB05E72D7FB8}.Release|Any CPU.Build.0 = Release|Any CPU
	EndGlobalSection
	GlobalSection(SolutionProperties) = preSolution
		HideSolutionNode = FALSE
	EndGlobalSection
	GlobalSection(ExtensibilityGlobals) = postSolution
		SolutionGuid = {4A278F1F-22B4-4DA7-A4D2-4AADB673225D}
	EndGlobalSection
EndGlobal
